
Microsoft Visual Studio Solution File, Format Version 12.00
# Visual Studio Version 17
VisualStudioVersion = 17.5.33414.496
MinimumVisualStudioVersion = 10.0.40219.1
Project("{FAE04EC0-301F-11D3-BF4B-00C04F79EFBC}") = "MobilivaCase.API", "MobilivaCase.API\MobilivaCase.API.csproj", "{CFB0E989-B5F1-48EB-8BBC-B22BCA670AC3}"
EndProject
Project("{FAE04EC0-301F-11D3-BF4B-00C04F79EFBC}") = "CommonLibrary", "CommonLibrary\CommonLibrary.csproj", "{C5F2300C-EEB1-4320-89E4-049584170B9A}"
EndProject
Global
	GlobalSection(SolutionConfigurationPlatforms) = preSolution
		Debug|Any CPU = Debug|Any CPU
		Release|Any CPU = Release|Any CPU
	EndGlobalSection
	GlobalSection(ProjectConfigurationPlatforms) = postSolution
		{CFB0E989-B5F1-48EB-8BBC-B22BCA670AC3}.Debug|Any CPU.ActiveCfg = Debug|Any CPU
		{CFB0E989-B5F1-48EB-8BBC-B22BCA670AC3}.Debug|Any CPU.Build.0 = Debug|Any CPU
		{CFB0E989-B5F1-48EB-8BBC-B22BCA670AC3}.Release|Any CPU.ActiveCfg = Release|Any CPU
		{CFB0E989-B5F1-48EB-8BBC-B22BCA670AC3}.Release|Any CPU.Build.0 = Release|Any CPU
		{C5F2300C-EEB1-4320-89E4-049584170B9A}.Debug|Any CPU.ActiveCfg = Debug|Any CPU
		{C5F2300C-EEB1-4320-89E4-049584170B9A}.Debug|Any CPU.Build.0 = Debug|Any CPU
		{C5F2300C-EEB1-4320-89E4-049584170B9A}.Release|Any CPU.ActiveCfg = Release|Any CPU
		{C5F2300C-EEB1-4320-89E4-049584170B9A}.Release|Any CPU.Build.0 = Release|Any CPU
	EndGlobalSection
	GlobalSection(SolutionProperties) = preSolution
		HideSolutionNode = FALSE
	EndGlobalSection
	GlobalSection(ExtensibilityGlobals) = postSolution
		SolutionGuid = {CF8EAB7A-831F-4FC3-9038-585BD1A66B61}
	EndGlobalSection
EndGlobal
